NeoBundleLock auto-pairs b647ef54cd2d991d5221b97fb5dbb3c0477fdc64
NeoBundleLock minibufexpl.vim ad72976ca3df4585d49aa296799f14f3b34cf953
NeoBundleLock neobundle.vim 5f3b67166d8a4b1dd073aea39850058521fe891f
NeoBundleLock nerdtree 86e2e40af161e65a3ad671214f16f23af360a5a7
NeoBundleLock python-syntax 10d2c07687b611b7c647ad09b8b86ed968819dbd
NeoBundleLock vim-autoformat 509f982da6d17763c862e6367294c461b3c2bb7f
